{
  "version": 1,
  "root": "root",
  "packages": [
    {
      "id": "git:1e87c43dc8d1202a:429ee27caab7cafb2a3bb21b42bd77f8f1b7d3be",
      "name": "dram",
      "git": "https://github.com/akonwi/dram.git",
      "commit": "429ee27caab7cafb2a3bb21b42bd77f8f1b7d3be",
      "requested": "429ee27caab7cafb2a3bb21b42bd77f8f1b7d3be",
      "integrity": "sha256:a081d4ae10c59994f7d6004e0c15ea43d57cce61dddb452021dc668aadfd32b0"
    },
    {
      "id": "git:795eb0d192b4efcf:4ed13333dcab46e957ca59bbadcee9fc97fcbf99",
      "name": "sql",
      "git": "https://github.com/akonwi/ard-sql.git",
      "commit": "4ed13333dcab46e957ca59bbadcee9fc97fcbf99",
      "requested": "4ed13333dcab46e957ca59bbadcee9fc97fcbf99",
      "integrity": "sha256:41449fa1d1aa089724de5edf73ab6979bce7ae4b63b6407896b095157eae470e",
      "dependencies": {
        "decode": "git:c5125d0dd6cd13cc:b730984077e4abb25cfccefc5778c54db2624fac"
      }
    },
    {
      "id": "git:c5125d0dd6cd13cc:b730984077e4abb25cfccefc5778c54db2624fac",
      "name": "decode",
      "git": "https://github.com/akonwi/ard-decode.git",
      "commit": "b730984077e4abb25cfccefc5778c54db2624fac",
      "requested": "b730984077e4abb25cfccefc5778c54db2624fac",
      "integrity": "sha256:9251a9f88de911dda77ffaa01849e0e31f9ec0dcb0a1138a57dd5b2b033e2c1f"
    },
    {
      "id": "root",
      "name": "maestro",
      "path": ".",
      "dependencies": {
        "decode": "git:c5125d0dd6cd13cc:b730984077e4abb25cfccefc5778c54db2624fac",
        "dram": "git:1e87c43dc8d1202a:429ee27caab7cafb2a3bb21b42bd77f8f1b7d3be",
        "sql": "git:795eb0d192b4efcf:4ed13333dcab46e957ca59bbadcee9fc97fcbf99"
      }
    }
  ]
}
